
Microsoft Visual Studio Solution File, Format Version 12.00
# Visual Studio 2012
Project("{FAE04EC0-301F-11D3-BF4B-00C04F79EFBC}") = "ZeroDay.API", "ZeroDay.API\ZeroDay.API.csproj", "{4F33CD88-C6D5-482E-8065-093D41E78006}"
EndProject
Project("{FAE04EC0-301F-11D3-BF4B-00C04F79EFBC}") = "ZeroDay.DAL", "ZeroDay.DAL\ZeroDay.DAL.csproj", "{ED4DC243-57FB-4F26-9043-CBC10200E2F6}"
EndProject
Project("{FAE04EC0-301F-11D3-BF4B-00C04F79EFBC}") = "NatGeoScraper", "NatGeoScraper\NatGeoScraper.csproj", "{9C77A12F-AC50-408E-967D-3B74BC806DB8}"
EndProject
Project("{FAE04EC0-301F-11D3-BF4B-00C04F79EFBC}") = "ZeroDay.Core", "ZeroDay.Core\ZeroDay.Core.csproj", "{9C8F0B2D-FFE6-41F7-9964-608A416C4066}"
EndProject
Project("{2150E333-8FDC-42A3-9474-1A3956D46DE8}") = "Build", "Build", "{06FF2C22-132D-4831-84B7-05A205137B6B}"
	ProjectSection(SolutionItems) = preProject
		zeroday.msbuild = zeroday.msbuild
	EndProjectSection
EndProject
Project("{FAE04EC0-301F-11D3-BF4B-00C04F79EFBC}") = "NatGeoMetroApp", "NatGeoMetroApp\NatGeoMetroApp.csproj", "{4DE6815A-21FA-442A-8516-610ED8422477}"
EndProject
Global
	GlobalSection(SolutionConfigurationPlatforms) = preSolution
		Debug|ARM = Debug|ARM
		Debug|Any CPU = Debug|Any CPU
		Debug|x64 = Debug|x64
		Debug|x86 = Debug|x86
		Release|ARM = Release|ARM
		Release|Any CPU = Release|Any CPU
		Release|x64 = Release|x64
		Release|x86 = Release|x86
	EndGlobalSection
	GlobalSection(ProjectConfigurationPlatforms) = postSolution
		{4DE6815A-21FA-442A-8516-610ED8422477}.Debug|ARM.ActiveCfg = Debug|ARM
		{4DE6815A-21FA-442A-8516-610ED8422477}.Debug|ARM.Build.0 = Debug|ARM
		{4DE6815A-21FA-442A-8516-610ED8422477}.Debug|ARM.Deploy.0 = Debug|ARM
		{4DE6815A-21FA-442A-8516-610ED8422477}.Debug|Any CPU.ActiveCfg = Debug|Any CPU
		{4DE6815A-21FA-442A-8516-610ED8422477}.Debug|Any CPU.Build.0 = Debug|Any CPU
		{4DE6815A-21FA-442A-8516-610ED8422477}.Debug|Any CPU.Deploy.0 = Debug|Any CPU
		{4DE6815A-21FA-442A-8516-610ED8422477}.Debug|x64.ActiveCfg = Debug|x64
		{4DE6815A-21FA-442A-8516-610ED8422477}.Debug|x64.Build.0 = Debug|x64
		{4DE6815A-21FA-442A-8516-610ED8422477}.Debug|x64.Deploy.0 = Debug|x64
		{4DE6815A-21FA-442A-8516-610ED8422477}.Debug|x86.ActiveCfg = Debug|x86
		{4DE6815A-21FA-442A-8516-610ED8422477}.Debug|x86.Build.0 = Debug|x86
		{4DE6815A-21FA-442A-8516-610ED8422477}.Debug|x86.Deploy.0 = Debug|x86
		{4DE6815A-21FA-442A-8516-610ED8422477}.Release|ARM.ActiveCfg = Release|ARM
		{4DE6815A-21FA-442A-8516-610ED8422477}.Release|ARM.Build.0 = Release|ARM
		{4DE6815A-21FA-442A-8516-610ED8422477}.Release|ARM.Deploy.0 = Release|ARM
		{4DE6815A-21FA-442A-8516-610ED8422477}.Release|Any CPU.ActiveCfg = Release|Any CPU
		{4DE6815A-21FA-442A-8516-610ED8422477}.Release|Any CPU.Build.0 = Release|Any CPU
		{4DE6815A-21FA-442A-8516-610ED8422477}.Release|Any CPU.Deploy.0 = Release|Any CPU
		{4DE6815A-21FA-442A-8516-610ED8422477}.Release|x64.ActiveCfg = Release|x64
		{4DE6815A-21FA-442A-8516-610ED8422477}.Release|x64.Build.0 = Release|x64
		{4DE6815A-21FA-442A-8516-610ED8422477}.Release|x64.Deploy.0 = Release|x64
		{4DE6815A-21FA-442A-8516-610ED8422477}.Release|x86.ActiveCfg = Release|x86
		{4DE6815A-21FA-442A-8516-610ED8422477}.Release|x86.Build.0 = Release|x86
		{4DE6815A-21FA-442A-8516-610ED8422477}.Release|x86.Deploy.0 = Release|x86
		{4F33CD88-C6D5-482E-8065-093D41E78006}.Debug|ARM.ActiveCfg = Debug|Any CPU
		{4F33CD88-C6D5-482E-8065-093D41E78006}.Debug|Any CPU.ActiveCfg = Debug|Any CPU
		{4F33CD88-C6D5-482E-8065-093D41E78006}.Debug|Any CPU.Build.0 = Debug|Any CPU
		{4F33CD88-C6D5-482E-8065-093D41E78006}.Debug|x64.ActiveCfg = Debug|Any CPU
		{4F33CD88-C6D5-482E-8065-093D41E78006}.Debug|x86.ActiveCfg = Debug|Any CPU
		{4F33CD88-C6D5-482E-8065-093D41E78006}.Release|ARM.ActiveCfg = Release|Any CPU
		{4F33CD88-C6D5-482E-8065-093D41E78006}.Release|Any CPU.ActiveCfg = Release|Any CPU
		{4F33CD88-C6D5-482E-8065-093D41E78006}.Release|Any CPU.Build.0 = Release|Any CPU
		{4F33CD88-C6D5-482E-8065-093D41E78006}.Release|x64.ActiveCfg = Release|Any CPU
		{4F33CD88-C6D5-482E-8065-093D41E78006}.Release|x86.ActiveCfg = Release|Any CPU
		{9C77A12F-AC50-408E-967D-3B74BC806DB8}.Debug|ARM.ActiveCfg = Debug|Any CPU
		{9C77A12F-AC50-408E-967D-3B74BC806DB8}.Debug|Any CPU.ActiveCfg = Debug|Any CPU
		{9C77A12F-AC50-408E-967D-3B74BC806DB8}.Debug|Any CPU.Build.0 = Debug|Any CPU
		{9C77A12F-AC50-408E-967D-3B74BC806DB8}.Debug|x64.ActiveCfg = Debug|Any CPU
		{9C77A12F-AC50-408E-967D-3B74BC806DB8}.Debug|x86.ActiveCfg = Debug|Any CPU
		{9C77A12F-AC50-408E-967D-3B74BC806DB8}.Release|ARM.ActiveCfg = Release|Any CPU
		{9C77A12F-AC50-408E-967D-3B74BC806DB8}.Release|Any CPU.ActiveCfg = Release|Any CPU
		{9C77A12F-AC50-408E-967D-3B74BC806DB8}.Release|Any CPU.Build.0 = Release|Any CPU
		{9C77A12F-AC50-408E-967D-3B74BC806DB8}.Release|x64.ActiveCfg = Release|Any CPU
		{9C77A12F-AC50-408E-967D-3B74BC806DB8}.Release|x86.ActiveCfg = Release|Any CPU
		{9C8F0B2D-FFE6-41F7-9964-608A416C4066}.Debug|ARM.ActiveCfg = Debug|Any CPU
		{9C8F0B2D-FFE6-41F7-9964-608A416C4066}.Debug|Any CPU.ActiveCfg = Debug|Any CPU
		{9C8F0B2D-FFE6-41F7-9964-608A416C4066}.Debug|Any CPU.Build.0 = Debug|Any CPU
		{9C8F0B2D-FFE6-41F7-9964-608A416C4066}.Debug|x64.ActiveCfg = Debug|Any CPU
		{9C8F0B2D-FFE6-41F7-9964-608A416C4066}.Debug|x86.ActiveCfg = Debug|Any CPU
		{9C8F0B2D-FFE6-41F7-9964-608A416C4066}.Release|ARM.ActiveCfg = Release|Any CPU
		{9C8F0B2D-FFE6-41F7-9964-608A416C4066}.Release|Any CPU.ActiveCfg = Release|Any CPU
		{9C8F0B2D-FFE6-41F7-9964-608A416C4066}.Release|Any CPU.Build.0 = Release|Any CPU
		{9C8F0B2D-FFE6-41F7-9964-608A416C4066}.Release|x64.ActiveCfg = Release|Any CPU
		{9C8F0B2D-FFE6-41F7-9964-608A416C4066}.Release|x86.ActiveCfg = Release|Any CPU
		{ED4DC243-57FB-4F26-9043-CBC10200E2F6}.Debug|ARM.ActiveCfg = Debug|Any CPU
		{ED4DC243-57FB-4F26-9043-CBC10200E2F6}.Debug|Any CPU.ActiveCfg = Debug|Any CPU
		{ED4DC243-57FB-4F26-9043-CBC10200E2F6}.Debug|Any CPU.Build.0 = Debug|Any CPU
		{ED4DC243-57FB-4F26-9043-CBC10200E2F6}.Debug|x64.ActiveCfg = Debug|Any CPU
		{ED4DC243-57FB-4F26-9043-CBC10200E2F6}.Debug|x86.ActiveCfg = Debug|Any CPU
		{ED4DC243-57FB-4F26-9043-CBC10200E2F6}.Release|ARM.ActiveCfg = Release|Any CPU
		{ED4DC243-57FB-4F26-9043-CBC10200E2F6}.Release|Any CPU.ActiveCfg = Release|Any CPU
		{ED4DC243-57FB-4F26-9043-CBC10200E2F6}.Release|Any CPU.Build.0 = Release|Any CPU
		{ED4DC243-57FB-4F26-9043-CBC10200E2F6}.Release|x64.ActiveCfg = Release|Any CPU
		{ED4DC243-57FB-4F26-9043-CBC10200E2F6}.Release|x86.ActiveCfg = Release|Any CPU
	EndGlobalSection
	GlobalSection(SolutionProperties) = preSolution
		HideSolutionNode = FALSE
	EndGlobalSection
EndGlobal
